
Microsoft Visual Studio Solution File, Format Version 12.00
# Visual Studio Version 16
VisualStudioVersion = 16.0.32510.428
MinimumVisualStudioVersion = 10.0.40219.1
Project("{8BC9CEB8-8B4A-11D0-8D11-00A0C91BC942}") = "Project5", "Project5\Project5.vcxproj", "{6EE05D88-06A8-4438-95B0-7FE7F2B7EDB7}"
EndProject
Global
	GlobalSection(SolutionConfigurationPlatforms) = preSolution
		Debug|x64 = Debug|x64
		Debug|x86 = Debug|x86
		Release|x64 = Release|x64
		Release|x86 = Release|x86
	EndGlobalSection
	GlobalSection(ProjectConfigurationPlatforms) = postSolution
		{6EE05D88-06A8-4438-95B0-7FE7F2B7EDB7}.Debug|x64.ActiveCfg = Debug|x64
		{6EE05D88-06A8-4438-95B0-7FE7F2B7EDB7}.Debug|x64.Build.0 = Debug|x64
		{6EE05D88-06A8-4438-95B0-7FE7F2B7EDB7}.Debug|x86.ActiveCfg = Debug|Win32
		{6EE05D88-06A8-4438-95B0-7FE7F2B7EDB7}.Debug|x86.Build.0 = Debug|Win32
		{6EE05D88-06A8-4438-95B0-7FE7F2B7EDB7}.Release|x64.ActiveCfg = Release|x64
		{6EE05D88-06A8-4438-95B0-7FE7F2B7EDB7}.Release|x64.Build.0 = Release|x64
		{6EE05D88-06A8-4438-95B0-7FE7F2B7EDB7}.Release|x86.ActiveCfg = Release|Win32
		{6EE05D88-06A8-4438-95B0-7FE7F2B7EDB7}.Release|x86.Build.0 = Release|Win32
	EndGlobalSection
	GlobalSection(SolutionProperties) = preSolution
		HideSolutionNode = FALSE
	EndGlobalSection
	GlobalSection(ExtensibilityGlobals) = postSolution
		SolutionGuid = {D636658C-6582-409B-B7B0-3455D0E5A339}
	EndGlobalSection
EndGlobal
